// !$*UTF8*$!
{
	archiveVersion = 1;
	classes = {
	};
	objectVersion = 46;
	objects = {

/* Begin PBXBuildFile section */
		F26681AB1BB1F851008B127B /* RatingControl.swift in Sources */ = {isa = PBXBuildFile; fileRef = F26681AA1BB1F851008B127B /* RatingControl.swift */; settings = {ASSET_TAGS = (); }; };
		F29EF5721BB1A78F00A4B5CD /* AppDelegate.swift in Sources */ = {isa = PBXBuildFile; fileRef = F29EF5711BB1A78F00A4B5CD /* AppDelegate.swift */; };
		F29EF5741BB1A78F00A4B5CD /* MealViewController.swift in Sources */ = {isa = PBXBuildFile; fileRef = F29EF5731BB1A78F00A4B5CD /* MealViewController.swift */; };
		F29EF5771BB1A78F00A4B5CD /* Main.storyboard in Resources */ = {isa = PBXBuildFile; fileRef = F29EF5751BB1A78F00A4B5CD /* Main.storyboard */; };
		F29EF5791BB1A78F00A4B5CD /* Images.xcassets in Resources */ = {isa = PBXBuildFile; fileRef = F29EF5781BB1A78F00A4B5CD /* Images.xcassets */; };
		F29EF57C1BB1A78F00A4B5CD /* LaunchScreen.xib in Resources */ = {isa = PBXBuildFile; fileRef = F29EF57A1BB1A78F00A4B5CD /* LaunchScreen.xib */; };
		F29EF5881BB1A78F00A4B5CD /* FoodTrackerTests.swift in Sources */ = {isa = PBXBuildFile; fileRef = F29EF5871BB1A78F00A4B5CD /* FoodTrackerTests.swift */; };
		F2E75D651BB445EA00B35BE1 /* Meal.swift in Sources */ = {isa = PBXBuildFile; fileRef = F2E75D641BB445EA00B35BE1 /* Meal.swift */; settings = {ASSET_TAGS = (); }; };
		F2E75D691BB44CE800B35BE1 /* TestsBack.swift in Sources */ = {isa = PBXBuildFile; fileRef = F2E75D681BB44CE800B35BE1 /* TestsBack.swift */; settings = {ASSET_TAGS = (); }; };
		F2E75D6D1BB46A5100B35BE1 /* Meal.swift in Sources */ = {isa = PBXBuildFile; fileRef = F2E75D641BB445EA00B35BE1 /* Meal.swift */; settings = {ASSET_TAGS = (); }; };
		F2E75D6F1BB46D4D00B35BE1 /* MealTableViewCell.swift in Sources */ = {isa = PBXBuildFile; fileRef = F2E75D6E1BB46D4D00B35BE1 /* MealTableViewCell.swift */; settings = {ASSET_TAGS = (); }; };
		F2E75D711BB47DE800B35BE1 /* MealTableViewController.swift in Sources */ = {isa = PBXBuildFile; fileRef = F2E75D701BB47DE800B35BE1 /* MealTableViewController.swift */; settings = {ASSET_TAGS = (); }; };
/* End PBXBuildFile section */

/* Begin PBXContainerItemProxy section */
		F29EF5821BB1A78F00A4B5CD /* PBXContainerItemProxy */ = {
			isa = PBXContainerItemProxy;
			containerPortal = F29EF5641BB1A78F00A4B5CD /* Project object */;
			proxyType = 1;
			remoteGlobalIDString = F29EF56B1BB1A78F00A4B5CD;
			remoteInfo = FoodTracker;
		};
/* End PBXContainerItemProxy section */

/* Begin PBXFileReference section */
		F26681AA1BB1F851008B127B /* RatingControl.swift */ = {isa = PBXFileReference; fileEncoding = 4; lastKnownFileType = sourcecode.swift; path = RatingControl.swift; sourceTree = "<group>"; };
		F29EF56C1BB1A78F00A4B5CD /* FoodTracker.app */ = {isa = PBXFileReference; explicitFileType = wrapper.application; includeInIndex = 0; path = FoodTracker.app; sourceTree = BUILT_PRODUCTS_DIR; };
		F29EF5701BB1A78F00A4B5CD /* Info.plist */ = {isa = PBXFileReference; lastKnownFileType = text.plist.xml; path = Info.plist; sourceTree = "<group>"; };
		F29EF5711BB1A78F00A4B5CD /* AppDelegate.swift */ = {isa = PBXFileReference; lastKnownFileType = sourcecode.swift; path = AppDelegate.swift; sourceTree = "<group>"; };
		F29EF5731BB1A78F00A4B5CD /* MealViewController.swift */ = {isa = PBXFileReference; lastKnownFileType = sourcecode.swift; path = MealViewController.swift; sourceTree = "<group>"; };
		F29EF5761BB1A78F00A4B5CD /* Base */ = {isa = PBXFileReference; lastKnownFileType = file.storyboard; name = Base; path = Base.lproj/Main.storyboard; sourceTree = "<group>"; };
		F29EF5781BB1A78F00A4B5CD /* Images.xcassets */ = {isa = PBXFileReference; lastKnownFileType = folder.assetcatalog; path = Images.xcassets; sourceTree = "<group>"; };
		F29EF57B1BB1A78F00A4B5CD /* Base */ = {isa = PBXFileReference; lastKnownFileType = file.xib; name = Base; path = Base.lproj/LaunchScreen.xib; sourceTree = "<group>"; };
		F29EF5811BB1A78F00A4B5CD /* FoodTrackerTests.xctest */ = {isa = PBXFileReference; explicitFileType = wrapper.cfbundle; includeInIndex = 0; path = FoodTrackerTests.xctest; sourceTree = BUILT_PRODUCTS_DIR; };
		F29EF5861BB1A78F00A4B5CD /* Info.plist */ = {isa = PBXFileReference; lastKnownFileType = text.plist.xml; path = Info.plist; sourceTree = "<group>"; };
		F29EF5871BB1A78F00A4B5CD /* FoodTrackerTests.swift */ = {isa = PBXFileReference; lastKnownFileType = sourcecode.swift; path = FoodTrackerTests.swift; sourceTree = "<group>"; };
		F2E75D641BB445EA00B35BE1 /* Meal.swift */ = {isa = PBXFileReference; fileEncoding = 4; lastKnownFileType = sourcecode.swift; path = Meal.swift; sourceTree = "<group>"; };
		F2E75D681BB44CE800B35BE1 /* TestsBack.swift */ = {isa = PBXFileReference; fileEncoding = 4; lastKnownFileType = sourcecode.swift; path = TestsBack.swift; sourceTree = "<group>"; };
		F2E75D6E1BB46D4D00B35BE1 /* MealTableViewCell.swift */ = {isa = PBXFileReference; fileEncoding = 4; lastKnownFileType = sourcecode.swift; path = MealTableViewCell.swift; sourceTree = "<group>"; };
		F2E75D701BB47DE800B35BE1 /* MealTableViewController.swift */ = {isa = PBXFileReference; fileEncoding = 4; lastKnownFileType = sourcecode.swift; path = MealTableViewController.swift; sourceTree = "<group>"; };
/* End PBXFileReference section */

/* Begin PBXFrameworksBuildPhase section */
		F29EF5691BB1A78F00A4B5CD /* Frameworks */ = {
			isa = PBXFrameworksBuildPhase;
			buildActionMask = 2147483647;
			files = (
			);
			runOnlyForDeploymentPostprocessing = 0;
		};
		F29EF57E1BB1A78F00A4B5CD /* Frameworks */ = {
			isa = PBXFrameworksBuildPhase;
			buildActionMask = 2147483647;
			files = (
			);
			runOnlyForDeploymentPostprocessing = 0;
		};
/* End PBXFrameworksBuildPhase section */

/* Begin PBXGroup section */
		F29EF5631BB1A78F00A4B5CD = {
			isa = PBXGroup;
			children = (
				F29EF56E1BB1A78F00A4B5CD /* FoodTracker */,
				F29EF5841BB1A78F00A4B5CD /* FoodTrackerTests */,
				F29EF56D1BB1A78F00A4B5CD /* Products */,
			);
			sourceTree = "<group>";
		};
		F29EF56D1BB1A78F00A4B5CD /* Products */ = {
			isa = PBXGroup;
			children = (
				F29EF56C1BB1A78F00A4B5CD /* FoodTracker.app */,
				F29EF5811BB1A78F00A4B5CD /* FoodTrackerTests.xctest */,
			);
			name = Products;
			sourceTree = "<group>";
		};
		F29EF56E1BB1A78F00A4B5CD /* FoodTracker */ = {
			isa = PBXGroup;
			children = (
				F29EF5711BB1A78F00A4B5CD /* AppDelegate.swift */,
				F29EF5731BB1A78F00A4B5CD /* MealViewController.swift */,
				F2E75D641BB445EA00B35BE1 /* Meal.swift */,
				F26681AA1BB1F851008B127B /* RatingControl.swift */,
				F29EF5751BB1A78F00A4B5CD /* Main.storyboard */,
				F2E75D701BB47DE800B35BE1 /* MealTableViewController.swift */,
				F2E75D6E1BB46D4D00B35BE1 /* MealTableViewCell.swift */,
				F29EF5781BB1A78F00A4B5CD /* Images.xcassets */,
				F29EF57A1BB1A78F00A4B5CD /* LaunchScreen.xib */,
				F29EF56F1BB1A78F00A4B5CD /* Supporting Files */,
			);
			path = FoodTracker;
			sourceTree = "<group>";
		};
		F29EF56F1BB1A78F00A4B5CD /* Supporting Files */ = {
			isa = PBXGroup;
			children = (
				F29EF5701BB1A78F00A4B5CD /* Info.plist */,
			);
			name = "Supporting Files";
			sourceTree = "<group>";
		};
		F29EF5841BB1A78F00A4B5CD /* FoodTrackerTests */ = {
			isa = PBXGroup;
			children = (
				F29EF5871BB1A78F00A4B5CD /* FoodTrackerTests.swift */,
				F2E75D681BB44CE800B35BE1 /* TestsBack.swift */,
				F29EF5851BB1A78F00A4B5CD /* Supporting Files */,
			);
			path = FoodTrackerTests;
			sourceTree = "<group>";
		};
		F29EF5851BB1A78F00A4B5CD /* Supporting Files */ = {
			isa = PBXGroup;
			children = (
				F29EF5861BB1A78F00A4B5CD /* Info.plist */,
			);
			name = "Supporting Files";
			sourceTree = "<group>";
		};
/* End PBXGroup section */

/* Begin PBXNativeTarget section */
		F29EF56B1BB1A78F00A4B5CD /* FoodTracker */ = {
			isa = PBXNativeTarget;
			buildConfigurationList = F29EF58B1BB1A78F00A4B5CD /* Build configuration list for PBXNativeTarget "FoodTracker" */;
			buildPhases = (
				F29EF5681BB1A78F00A4B5CD /* Sources */,
				F29EF5691BB1A78F00A4B5CD /* Frameworks */,
				F29EF56A1BB1A78F00A4B5CD /* Resources */,
			);
			buildRules = (
			);
			dependencies = (
			);
			name = FoodTracker;
			productName = FoodTracker;
			productReference = F29EF56C1BB1A78F00A4B5CD /* FoodTracker.app */;
			productType = "com.apple.product-type.application";
		};
		F29EF5801BB1A78F00A4B5CD /* FoodTrackerTests */ = {
			isa = PBXNativeTarget;
			buildConfigurationList = F29EF58E1BB1A78F00A4B5CD /* Build configuration list for PBXNativeTarget "FoodTrackerTests" */;
			buildPhases = (
				F29EF57D1BB1A78F00A4B5CD /* Sources */,
				F29EF57E1BB1A78F00A4B5CD /* Frameworks */,
				F29EF57F1BB1A78F00A4B5CD /* Resources */,
			);
			buildRules = (
			);
			dependencies = (
				F29EF5831BB1A78F00A4B5CD /* PBXTargetDependency */,
			);
			name = FoodTrackerTests;
			productName = FoodTrackerTests;
			productReference = F29EF5811BB1A78F00A4B5CD /* FoodTrackerTests.xctest */;
			productType = "com.apple.product-type.bundle.unit-test";
		};
/* End PBXNativeTarget section */

/* Begin PBXProject section */
		F29EF5641BB1A78F00A4B5CD /* Project object */ = {
			isa = PBXProject;
			attributes = {
				LastSwiftUpdateCheck = 0700;
				LastUpgradeCheck = 0700;
				ORGANIZATIONNAME = "John  Li";
				TargetAttributes = {
					F29EF56B1BB1A78F00A4B5CD = {
						CreatedOnToolsVersion = 6.4;
					};
					F29EF5801BB1A78F00A4B5CD = {
						CreatedOnToolsVersion = 6.4;
						TestTargetID = F29EF56B1BB1A78F00A4B5CD;
					};
				};
			};
			buildConfigurationList = F29EF5671BB1A78F00A4B5CD /* Build configuration list for PBXProject "FoodTracker" */;
			compatibilityVersion = "Xcode 3.2";
			developmentRegion = English;
			hasScannedForEncodings = 0;
			knownRegions = (
				en,
				Base,
			);
			mainGroup = F29EF5631BB1A78F00A4B5CD;
			productRefGroup = F29EF56D1BB1A78F00A4B5CD /* Products */;
			projectDirPath = "";
			projectRoot = "";
			targets = (
				F29EF56B1BB1A78F00A4B5CD /* FoodTracker */,
				F29EF5801BB1A78F00A4B5CD /* FoodTrackerTests */,
			);
		};
/* End PBXProject section */

/* Begin PBXResourcesBuildPhase section */
		F29EF56A1BB1A78F00A4B5CD /* Resources */ = {
			isa = PBXResourcesBuildPhase;
			buildActionMask = 2147483647;
			files = (
				F29EF5771BB1A78F00A4B5CD /* Main.storyboard in Resources */,
				F29EF57C1BB1A78F00A4B5CD /* LaunchScreen.xib in Resources */,
				F29EF5791BB1A78F00A4B5CD /* Images.xcassets in Resources */,
			);
			runOnlyForDeploymentPostprocessing = 0;
		};
		F29EF57F1BB1A78F00A4B5CD /* Resources */ = {
			isa = PBXResourcesBuildPhase;
			buildActionMask = 2147483647;
			files = (
			);
			runOnlyForDeploymentPostprocessing = 0;
		};
/* End PBXResourcesBuildPhase section */

/* Begin PBXSourcesBuildPhase section */
		F29EF5681BB1A78F00A4B5CD /* Sources */ = {
			isa = PBXSourcesBuildPhase;
			buildActionMask = 2147483647;
			files = (
				F2E75D651BB445EA00B35BE1 /* Meal.swift in Sources */,
				F29EF5741BB1A78F00A4B5CD /* MealViewController.swift in Sources */,
				F26681AB1BB1F851008B127B /* RatingControl.swift in Sources */,
				F29EF5721BB1A78F00A4B5CD /* AppDelegate.swift in Sources */,
				F2E75D711BB47DE800B35BE1 /* MealTableViewController.swift in Sources */,
				F2E75D6F1BB46D4D00B35BE1 /* MealTableViewCell.swift in Sources */,
			);
			runOnlyForDeploymentPostprocessing = 0;
		};
		F29EF57D1BB1A78F00A4B5CD /* Sources */ = {
			isa = PBXSourcesBuildPhase;
			buildActionMask = 2147483647;
			files = (
				F29EF5881BB1A78F00A4B5CD /* FoodTrackerTests.swift in Sources */,
				F2E75D6D1BB46A5100B35BE1 /* Meal.swift in Sources */,
				F2E75D691BB44CE800B35BE1 /* TestsBack.swift in Sources */,
			);
			runOnlyForDeploymentPostprocessing = 0;
		};
/* End PBXSourcesBuildPhase section */

/* Begin PBXTargetDependency section */
		F29EF5831BB1A78F00A4B5CD /* PBXTargetDependency */ = {
			isa = PBXTargetDependency;
			target = F29EF56B1BB1A78F00A4B5CD /* FoodTracker */;
			targetProxy = F29EF5821BB1A78F00A4B5CD /* PBXContainerItemProxy */;
		};
/* End PBXTargetDependency section */

/* Begin PBXVariantGroup section */
		F29EF5751BB1A78F00A4B5CD /* Main.storyboard */ = {
			isa = PBXVariantGroup;
			children = (
				F29EF5761BB1A78F00A4B5CD /* Base */,
			);
			name = Main.storyboard;
			sourceTree = "<group>";
		};
		F29EF57A1BB1A78F00A4B5CD /* LaunchScreen.xib */ = {
			isa = PBXVariantGroup;
			children = (
				F29EF57B1BB1A78F00A4B5CD /* Base */,
			);
			name = LaunchScreen.xib;
			sourceTree = "<group>";
		};
/* End PBXVariantGroup section */

/* Begin XCBuildConfiguration section */
		F29EF5891BB1A78F00A4B5CD /* Debug */ = {
			isa = XCBuildConfiguration;
			buildSettings = {
				ALWAYS_SEARCH_USER_PATHS = NO;
				CLANG_CXX_LANGUAGE_STANDARD = "gnu++0x";
				CLANG_CXX_LIBRARY = "libc++";
				CLANG_ENABLE_MODULES = YES;
				CLANG_ENABLE_OBJC_ARC = YES;
				CLANG_WARN_BOOL_CONVERSION = YES;
				CLANG_WARN_CONSTANT_CONVERSION = YES;
				CLANG_WARN_DIRECT_OBJC_ISA_USAGE = YES_ERROR;
				CLANG_WARN_EMPTY_BODY = YES;
				CLANG_WARN_ENUM_CONVERSION = YES;
				CLANG_WARN_INT_CONVERSION = YES;
				CLANG_WARN_OBJC_ROOT_CLASS = YES_ERROR;
				CLANG_WARN_UNREACHABLE_CODE = YES;
				CLANG_WARN__DUPLICATE_METHOD_MATCH = YES;
				"CODE_SIGN_IDENTITY[sdk=iphoneos*]" = "iPhone Developer";
				COPY_PHASE_STRIP = NO;
				DEBUG_INFORMATION_FORMAT = "dwarf-with-dsym";
				ENABLE_STRICT_OBJC_MSGSEND = YES;
				ENABLE_TESTABILITY = YES;
				GCC_C_LANGUAGE_STANDARD = gnu99;
				GCC_DYNAMIC_NO_PIC = NO;
				GCC_NO_COMMON_BLOCKS = YES;
				GCC_OPTIMIZATION_LEVEL = 0;
				GCC_PREPROCESSOR_DEFINITIONS = (
					"DEBUG=1",
					"$(inherited)",
				);
				GCC_SYMBOLS_PRIVATE_EXTERN = NO;
				GCC_WARN_64_TO_32_BIT_CONVERSION = YES;
				GCC_WARN_ABOUT_RETURN_TYPE = YES_ERROR;
				GCC_WARN_UNDECLARED_SELECTOR = YES;
				GCC_WARN_UNINITIALIZED_AUTOS = YES_AGGRESSIVE;
				GCC_WARN_UNUSED_FUNCTION = YES;
				GCC_WARN_UNUSED_VARIABLE = YES;
				IPHONEOS_DEPLOYMENT_TARGET = 9.0;
				MTL_ENABLE_DEBUG_INFO = YES;
				ONLY_ACTIVE_ARCH = YES;
				SDKROOT = iphoneos;
				SWIFT_OPTIMIZATION_LEVEL = "-Onone";
				TARGETED_DEVICE_FAMILY = "1,2";
			};
			name = Debug;
		};
		F29EF58A1BB1A78F00A4B5CD /* Release */ = {
			isa = XCBuildConfiguration;
			buildSettings = {
				ALWAYS_SEARCH_USER_PATHS = NO;
				CLANG_CXX_LANGUAGE_STANDARD = "gnu++0x";
				CLANG_CXX_LIBRARY = "libc++";
				CLANG_ENABLE_MODULES = YES;
				CLANG_ENABLE_OBJC_ARC = YES;
				CLANG_WARN_BOOL_CONVERSION = YES;
				CLANG_WARN_CONSTANT_CONVERSION = YES;
				CLANG_WARN_DIRECT_OBJC_ISA_USAGE = YES_ERROR;
				CLANG_WARN_EMPTY_BODY = YES;
				CLANG_WARN_ENUM_CONVERSION = YES;
				CLANG_WARN_INT_CONVERSION = YES;
				CLANG_WARN_OBJC_ROOT_CLASS = YES_ERROR;
				CLANG_WARN_UNREACHABLE_CODE = YES;
				CLANG_WARN__DUPLICATE_METHOD_MATCH = YES;
				"CODE_SIGN_IDENTITY[sdk=iphoneos*]" = "iPhone Developer";
				COPY_PHASE_STRIP = NO;
				DEBUG_INFORMATION_FORMAT = "dwarf-with-dsym";
				ENABLE_NS_ASSERTIONS = NO;
				ENABLE_STRICT_OBJC_MSGSEND = YES;
				GCC_C_LANGUAGE_STANDARD = gnu99;
				GCC_NO_COMMON_BLOCKS = YES;
				GCC_WARN_64_TO_32_BIT_CONVERSION = YES;
				GCC_WARN_ABOUT_RETURN_TYPE = YES_ERROR;
				GCC_WARN_UNDECLARED_SELECTOR = YES;
				GCC_WARN_UNINITIALIZED_AUTOS = YES_AGGRESSIVE;
				GCC_WARN_UNUSED_FUNCTION = YES;
				GCC_WARN_UNUSED_VARIABLE = YES;
				IPHONEOS_DEPLOYMENT_TARGET = 9.0;
				MTL_ENABLE_DEBUG_INFO = NO;
				SDKROOT = iphoneos;
				TARGETED_DEVICE_FAMILY = "1,2";
				VALIDATE_PRODUCT = YES;
			};
			name = Release;
		};
		F29EF58C1BB1A78F00A4B5CD /* Debug */ = {
			isa = XCBuildConfiguration;
			buildSettings = {
				ASSETCATALOG_COMPILER_APPICON_NAME = AppIcon;
				INFOPLIST_FILE = FoodTracker/Info.plist;
				LD_RUNPATH_SEARCH_PATHS = "$(inherited) @executable_path/Frameworks";
				PRODUCT_BUNDLE_IDENTIFIER = "com.ebizinsight.$(PRODUCT_NAME:rfc1034identifier)";
				PRODUCT_NAME = "$(TARGET_NAME)";
			};
			name = Debug;
		};
		F29EF58D1BB1A78F00A4B5CD /* Release */ = {
			isa = XCBuildConfiguration;
			buildSettings = {
				ASSETCATALOG_COMPILER_APPICON_NAME = AppIcon;
				INFOPLIST_FILE = FoodTracker/Info.plist;
				LD_RUNPATH_SEARCH_PATHS = "$(inherited) @executable_path/Frameworks";
				PRODUCT_BUNDLE_IDENTIFIER = "com.ebizinsight.$(PRODUCT_NAME:rfc1034identifier)";
				PRODUCT_NAME = "$(TARGET_NAME)";
			};
			name = Release;
		};
		F29EF58F1BB1A78F00A4B5CD /* Debug */ = {
			isa = XCBuildConfiguration;
			buildSettings = {
				BUNDLE_LOADER = "$(TEST_HOST)";
				FRAMEWORK_SEARCH_PATHS = (
					"$(SDKROOT)/Developer/Library/Frameworks",
					"$(inherited)",
				);
				GCC_PREPROCESSOR_DEFINITIONS = (
					"DEBUG=1",
					"$(inherited)",
				);
				INFOPLIST_FILE = FoodTrackerTests/Info.plist;
				LD_RUNPATH_SEARCH_PATHS = "$(inherited) @executable_path/Frameworks @loader_path/Frameworks";
				PRODUCT_BUNDLE_IDENTIFIER = "com.ebizinsight.$(PRODUCT_NAME:rfc1034identifier)";
				PRODUCT_NAME = "$(TARGET_NAME)";
				TEST_HOST = "$(BUILT_PRODUCTS_DIR)/FoodTracker.app/FoodTracker";
			};
			name = Debug;
		};
		F29EF5901BB1A78F00A4B5CD /* Release */ = {
			isa = XCBuildConfiguration;
			buildSettings = {
				BUNDLE_LOADER = "$(TEST_HOST)";
				FRAMEWORK_SEARCH_PATHS = (
					"$(SDKROOT)/Developer/Library/Frameworks",
					"$(inherited)",
				);
				INFOPLIST_FILE = FoodTrackerTests/Info.plist;
				LD_RUNPATH_SEARCH_PATHS = "$(inherited) @executable_path/Frameworks @loader_path/Frameworks";
				PRODUCT_BUNDLE_IDENTIFIER = "com.ebizinsight.$(PRODUCT_NAME:rfc1034identifier)";
				PRODUCT_NAME = "$(TARGET_NAME)";
				TEST_HOST = "$(BUILT_PRODUCTS_DIR)/FoodTracker.app/FoodTracker";
			};
			name = Release;
		};
/* End XCBuildConfiguration section */

/* Begin XCConfigurationList section */
		F29EF5671BB1A78F00A4B5CD /* Build configuration list for PBXProject "FoodTracker" */ = {
			isa = XCConfigurationList;
			buildConfigurations = (
				F29EF5891BB1A78F00A4B5CD /* Debug */,
				F29EF58A1BB1A78F00A4B5CD /* Release */,
			);
			defaultConfigurationIsVisible = 0;
			defaultConfigurationName = Release;
		};
		F29EF58B1BB1A78F00A4B5CD /* Build configuration list for PBXNativeTarget "FoodTracker" */ = {
			isa = XCConfigurationList;
			buildConfigurations = (
				F29EF58C1BB1A78F00A4B5CD /* Debug */,
				F29EF58D1BB1A78F00A4B5CD /* Release */,
			);
			defaultConfigurationIsVisible = 0;
			defaultConfigurationName = Release;
		};
		F29EF58E1BB1A78F00A4B5CD /* Build configuration list for PBXNativeTarget "FoodTrackerTests" */ = {
			isa = XCConfigurationList;
			buildConfigurations = (
				F29EF58F1BB1A78F00A4B5CD /* Debug */,
				F29EF5901BB1A78F00A4B5CD /* Release */,
			);
			defaultConfigurationIsVisible = 0;
			defaultConfigurationName = Release;
		};
/* End XCConfigurationList section */
	};
	rootObject = F29EF5641BB1A78F00A4B5CD /* Project object */;
}
